
Microsoft Visual Studio Solution File, Format Version 12.00
# Visual Studio Version 16
VisualStudioVersion = 16.0.31005.135
MinimumVisualStudioVersion = 10.0.40219.1
Project("{FAE04EC0-301F-11D3-BF4B-00C04F79EFBC}") = "PESMVC.UI", "PESMVC.UI\PESMVC.UI.csproj", "{A5717A0A-0484-4914-BCC8-66B3E94E90D2}"
EndProject
Project("{FAE04EC0-301F-11D3-BF4B-00C04F79EFBC}") = "PESMVC.API", "PESMVC.API\PESMVC.API.csproj", "{1BE2EBF2-A704-429E-9A57-22C6C580F6B7}"
EndProject
Project("{FAE04EC0-301F-11D3-BF4B-00C04F79EFBC}") = "PESMVC.Data", "PESMVC.Data\PESMVC.Data.csproj", "{961406B2-565F-4F0A-9D8E-4982BC4FE2F9}"
EndProject
Project("{FAE04EC0-301F-11D3-BF4B-00C04F79EFBC}") = "PESMVC.Token.Manager", "PESMVC.Token.Manager\PESMVC.Token.Manager.csproj", "{64A85261-7DBB-4359-90AD-70FD4A9CCE7A}"
EndProject
Global
	GlobalSection(SolutionConfigurationPlatforms) = preSolution
		Debug|Any CPU = Debug|Any CPU
		Release|Any CPU = Release|Any CPU
	EndGlobalSection
	GlobalSection(ProjectConfigurationPlatforms) = postSolution
		{A5717A0A-0484-4914-BCC8-66B3E94E90D2}.Debug|Any CPU.ActiveCfg = Debug|Any CPU
		{A5717A0A-0484-4914-BCC8-66B3E94E90D2}.Debug|Any CPU.Build.0 = Debug|Any CPU
		{A5717A0A-0484-4914-BCC8-66B3E94E90D2}.Release|Any CPU.ActiveCfg = Release|Any CPU
		{A5717A0A-0484-4914-BCC8-66B3E94E90D2}.Release|Any CPU.Build.0 = Release|Any CPU
		{1BE2EBF2-A704-429E-9A57-22C6C580F6B7}.Debug|Any CPU.ActiveCfg = Debug|Any CPU
		{1BE2EBF2-A704-429E-9A57-22C6C580F6B7}.Debug|Any CPU.Build.0 = Debug|Any CPU
		{1BE2EBF2-A704-429E-9A57-22C6C580F6B7}.Release|Any CPU.ActiveCfg = Release|Any CPU
		{1BE2EBF2-A704-429E-9A57-22C6C580F6B7}.Release|Any CPU.Build.0 = Release|Any CPU
		{961406B2-565F-4F0A-9D8E-4982BC4FE2F9}.Debug|Any CPU.ActiveCfg = Debug|Any CPU
		{961406B2-565F-4F0A-9D8E-4982BC4FE2F9}.Debug|Any CPU.Build.0 = Debug|Any CPU
		{961406B2-565F-4F0A-9D8E-4982BC4FE2F9}.Release|Any CPU.ActiveCfg = Release|Any CPU
		{961406B2-565F-4F0A-9D8E-4982BC4FE2F9}.Release|Any CPU.Build.0 = Release|Any CPU
		{64A85261-7DBB-4359-90AD-70FD4A9CCE7A}.Debug|Any CPU.ActiveCfg = Debug|Any CPU
		{64A85261-7DBB-4359-90AD-70FD4A9CCE7A}.Debug|Any CPU.Build.0 = Debug|Any CPU
		{64A85261-7DBB-4359-90AD-70FD4A9CCE7A}.Release|Any CPU.ActiveCfg = Release|Any CPU
		{64A85261-7DBB-4359-90AD-70FD4A9CCE7A}.Release|Any CPU.Build.0 = Release|Any CPU
	EndGlobalSection
	GlobalSection(SolutionProperties) = preSolution
		HideSolutionNode = FALSE
	EndGlobalSection
	GlobalSection(ExtensibilityGlobals) = postSolution
		SolutionGuid = {B3227714-3E36-445D-B55D-6F728AEA57A0}
	EndGlobalSection
EndGlobal
